
Microsoft Visual Studio Solution File, Format Version 12.00
# Visual Studio 15
VisualStudioVersion = 15.0.26730.12
MinimumVisualStudioVersion = 10.0.40219.1
Project("{FAE04EC0-301F-11D3-BF4B-00C04F79EFBC}") = "Calculator.Web", "Calculator.Web\Calculator.Web.csproj", "{D2A950AB-A7AF-4A99-8221-7EE6AB2F49AF}"
EndProject
Project("{FAE04EC0-301F-11D3-BF4B-00C04F79EFBC}") = "Calculator.Library", "Calculator.Library\Calculator.Library.csproj", "{F8D8B39F-0B86-4DD5-9B85-3796B7F18EA9}"
EndProject
Project("{FAE04EC0-301F-11D3-BF4B-00C04F79EFBC}") = "Calculator.Library.Tests", "Calculator.Library.Tests1\Calculator.Library.Tests.csproj", "{4903A626-AC27-4984-BFF9-8752E54F95D7}"
EndProject
Global
	GlobalSection(SolutionConfigurationPlatforms) = preSolution
		Debug|Any CPU = Debug|Any CPU
		Release|Any CPU = Release|Any CPU
	EndGlobalSection
	GlobalSection(ProjectConfigurationPlatforms) = postSolution
		{D2A950AB-A7AF-4A99-8221-7EE6AB2F49AF}.Debug|Any CPU.ActiveCfg = Debug|Any CPU
		{D2A950AB-A7AF-4A99-8221-7EE6AB2F49AF}.Debug|Any CPU.Build.0 = Debug|Any CPU
		{D2A950AB-A7AF-4A99-8221-7EE6AB2F49AF}.Release|Any CPU.ActiveCfg = Release|Any CPU
		{D2A950AB-A7AF-4A99-8221-7EE6AB2F49AF}.Release|Any CPU.Build.0 = Release|Any CPU
		{F8D8B39F-0B86-4DD5-9B85-3796B7F18EA9}.Debug|Any CPU.ActiveCfg = Debug|Any CPU
		{F8D8B39F-0B86-4DD5-9B85-3796B7F18EA9}.Debug|Any CPU.Build.0 = Debug|Any CPU
		{F8D8B39F-0B86-4DD5-9B85-3796B7F18EA9}.Release|Any CPU.ActiveCfg = Release|Any CPU
		{F8D8B39F-0B86-4DD5-9B85-3796B7F18EA9}.Release|Any CPU.Build.0 = Release|Any CPU
		{4903A626-AC27-4984-BFF9-8752E54F95D7}.Debug|Any CPU.ActiveCfg = Debug|Any CPU
		{4903A626-AC27-4984-BFF9-8752E54F95D7}.Debug|Any CPU.Build.0 = Debug|Any CPU
		{4903A626-AC27-4984-BFF9-8752E54F95D7}.Release|Any CPU.ActiveCfg = Release|Any CPU
		{4903A626-AC27-4984-BFF9-8752E54F95D7}.Release|Any CPU.Build.0 = Release|Any CPU
	EndGlobalSection
	GlobalSection(SolutionProperties) = preSolution
		HideSolutionNode = FALSE
	EndGlobalSection
	GlobalSection(ExtensibilityGlobals) = postSolution
		SolutionGuid = {71F59088-779F-423B-A964-D850EB013A27}
	EndGlobalSection
EndGlobal
